
Microsoft Visual Studio Solution File, Format Version 12.00
# Visual Studio Version 16
VisualStudioVersion = 16.0.29403.142
MinimumVisualStudioVersion = 10.0.40219.1
Project("{FAE04EC0-301F-11D3-BF4B-00C04F79EFBC}") = "CA191122", "CA191122\CA191122.csproj", "{D4B8BAFD-85D4-4F79-96DB-5C10C0DD6BA3}"
EndProject
Global
	GlobalSection(SolutionConfigurationPlatforms) = preSolution
		Debug|Any CPU = Debug|Any CPU
		Release|Any CPU = Release|Any CPU
	EndGlobalSection
	GlobalSection(ProjectConfigurationPlatforms) = postSolution
		{D4B8BAFD-85D4-4F79-96DB-5C10C0DD6BA3}.Debug|Any CPU.ActiveCfg = Debug|Any CPU
		{D4B8BAFD-85D4-4F79-96DB-5C10C0DD6BA3}.Debug|Any CPU.Build.0 = Debug|Any CPU
		{D4B8BAFD-85D4-4F79-96DB-5C10C0DD6BA3}.Release|Any CPU.ActiveCfg = Release|Any CPU
		{D4B8BAFD-85D4-4F79-96DB-5C10C0DD6BA3}.Release|Any CPU.Build.0 = Release|Any CPU
	EndGlobalSection
	GlobalSection(SolutionProperties) = preSolution
		HideSolutionNode = FALSE
	EndGlobalSection
	GlobalSection(ExtensibilityGlobals) = postSolution
		SolutionGuid = {703B4664-31B9-4D98-B8D0-821EBAD7A562}
	EndGlobalSection
EndGlobal
